PODS:
  - CDBiCloudReadyDocumentsContainer (1.0.0):
    - CDBKit (~> 0.0)
    - CDBUUID (~> 1.0.0)
  - CDBKit (0.0.2)
  - CDBUUID (1.0.0)

DEPENDENCIES:
  - CDBiCloudReadyDocumentsContainer (from `../`)

EXTERNAL SOURCES:
  CDBiCloudReadyDocumentsContainer:
    :path: ../

SPEC CHECKSUMS:
  CDBiCloudReadyDocumentsContainer: 20304848f698d3d50e2852c6846fbc78df465d3c
  CDBKit: a623c30e928d5fd30718b276b40be9a3f5c33c2c
  CDBUUID: c42280bf7d31b8121ea7a5f94b4c063e5068330d

COCOAPODS: 0.38.2
