PODS:
  - CDBiCloudReadyDocumentsContainer (0.9.0):
    - CDBKit (~> 0.0)
  - CDBKit (0.0.2)

DEPENDENCIES:
  - CDBiCloudReadyDocumentsContainer (from `../`)

EXTERNAL SOURCES:
  CDBiCloudReadyDocumentsContainer:
    :path: ../

SPEC CHECKSUMS:
  CDBiCloudReadyDocumentsContainer: 4dc0eabddbf1a6ed617f79c1e1f2fc67d0f4938f
  CDBKit: a623c30e928d5fd30718b276b40be9a3f5c33c2c

COCOAPODS: 0.38.2
